# THIS IS AN AUTOGENERATED FILE. DO NOT EDIT THIS FILE DIRECTLY.
# yarn lockfile v1


date-fns-tz@^1.1.6:
  version "1.1.6"
  resolved "https://registry.yarnpkg.com/date-fns-tz/-/date-fns-tz-1.1.6.tgz#93cbf354e2aeb2cd312ffa32e462c1943cf20a8e"
  integrity sha512-nyy+URfFI3KUY7udEJozcoftju+KduaqkVfwyTIE0traBiVye09QnyWKLZK7drRr5h9B7sPJITmQnS3U6YOdQg==

date-fns@^2.25.0:
  version "2.25.0"
  resolved "https://registry.yarnpkg.com/date-fns/-/date-fns-2.25.0.tgz#8c5c8f1d958be3809a9a03f4b742eba894fc5680"
  integrity sha512-ovYRFnTrbGPD4nqaEqescPEv1mNwvt+UTqI3Ay9SzNtey9NZnYu6E2qCcBBgJ6/2VF1zGGygpyTDITqpQQ5e+w==
